
Microsoft Visual Studio Solution File, Format Version 12.00
# Visual Studio Version 16
VisualStudioVersion = 16.0.30907.101
MinimumVisualStudioVersion = 10.0.40219.1
Project("{FAE04EC0-301F-11D3-BF4B-00C04F79EFBC}") = "SuperHero.WebApp", "SuperHero.WebApp\SuperHero.WebApp.csproj", "{243CC351-8C3A-4A39-8B10-AF6446EDE68D}"
EndProject
Project("{FAE04EC0-301F-11D3-BF4B-00C04F79EFBC}") = "SuperHero.Data", "SuperHero.Data\SuperHero.Data.csproj", "{5275294E-746F-45E6-B4E6-61DB00DFEA37}"
EndProject
Global
	GlobalSection(SolutionConfigurationPlatforms) = preSolution
		Debug|Any CPU = Debug|Any CPU
		Release|Any CPU = Release|Any CPU
	EndGlobalSection
	GlobalSection(ProjectConfigurationPlatforms) = postSolution
		{243CC351-8C3A-4A39-8B10-AF6446EDE68D}.Debug|Any CPU.ActiveCfg = Debug|Any CPU
		{243CC351-8C3A-4A39-8B10-AF6446EDE68D}.Debug|Any CPU.Build.0 = Debug|Any CPU
		{243CC351-8C3A-4A39-8B10-AF6446EDE68D}.Release|Any CPU.ActiveCfg = Release|Any CPU
		{243CC351-8C3A-4A39-8B10-AF6446EDE68D}.Release|Any CPU.Build.0 = Release|Any CPU
		{5275294E-746F-45E6-B4E6-61DB00DFEA37}.Debug|Any CPU.ActiveCfg = Debug|Any CPU
		{5275294E-746F-45E6-B4E6-61DB00DFEA37}.Debug|Any CPU.Build.0 = Debug|Any CPU
		{5275294E-746F-45E6-B4E6-61DB00DFEA37}.Release|Any CPU.ActiveCfg = Release|Any CPU
		{5275294E-746F-45E6-B4E6-61DB00DFEA37}.Release|Any CPU.Build.0 = Release|Any CPU
	EndGlobalSection
	GlobalSection(SolutionProperties) = preSolution
		HideSolutionNode = FALSE
	EndGlobalSection
	GlobalSection(ExtensibilityGlobals) = postSolution
		SolutionGuid = {3145204A-0F4F-4C62-9D2B-1F76210640ED}
	EndGlobalSection
EndGlobal
